<Solution>
  <Project Path="addition/addition.csproj" Id="003f4234-23df-427b-a664-ea29b660d704" />
  <Project Path="AnonymousMethodAndLambdaExpressions/AnonymousMethodAndLambdaExpressions.csproj" Id="a47856e0-2fae-4d96-a07b-2ef197c5ac40" />
  <Project Path="ArraysInC#/ArraysInC#.csproj" Id="f9187eb1-c9c7-4861-9c9e-f7fff91eb8e4" />
  <Project Path="BreakContinue/BreakContinue.csproj" Id="9febe583-b085-45eb-aa31-ddce64ada42a" />
  <Project Path="CharStruct/CharStruct.csproj" Id="72817169-d83f-47e2-8122-1c08d1d19df3" />
  <Project Path="CollectionOfObjects/CollectionOfObjects.csproj" Id="b04e2bc4-0e7f-4d8c-aee6-1bafab8982a1" />
  <Project Path="ConsoleApp1/ClassicConsoleApp.csproj" Id="a682ae10-8dc5-4cfb-9387-b0bd5a1eac7d" />
  <Project Path="DateStruct/DateStruct.csproj" Id="5c9a9eb0-4bb2-4ced-bca3-006ae6ef3f24" />
  <Project Path="DictionaryCollection/DictionaryCollection.csproj" Id="07022d17-80fd-407b-8d67-9ab1e6dbe9c7" />
  <Project Path="ErrorTypes/ErrorTypes.csproj" Id="8ca0cdf9-1093-4965-ba39-f220228590b3" />
  <Project Path="ExtensionClasses/ExtensionClasses.csproj" Id="f3861a3d-d717-420c-8a08-d309c921aaa6" />
  <Project Path="GenericMethodTypes/GenericMethodTypes.csproj" Id="e75bad42-1c46-4ca2-9a99-cb7b34e94923" />
  <Project Path="GradeSystem/GradeSystem.csproj" Id="8a781490-e783-4124-8718-e9db4c6dfc55" />
  <Project Path="HelloWorld/HelloWorld.csproj" />
  <Project Path="IfBlocksAndSwitchStatement/IfBlocksAndSwitchStatement.csproj" Id="c64e4d1b-6190-4db6-b0e2-6b6cd194d9c0" />
  <Project Path="LinqInC#/LinqInC#.csproj" Id="2732ce1e-3fad-46b5-af88-e79025b7861d" />
  <Project Path="ListInC#/ListInC#.csproj" Id="8b3becb7-a3f0-471c-88b0-75457cc07168" />
  <Project Path="Loops/Loops.csproj" Id="a5b06715-264a-4f99-9013-16555a268863" />
  <Project Path="ManyToOneObjRel/ManyToOneObjRel.csproj" Id="82c36864-6201-4d11-b00e-c28cfe27981f" />
  <Project Path="MethodsInC#/MethodsInC#.csproj" Id="d52cfdbf-76cb-4c9d-bde2-3ad3b7bbd64a" />
  <Project Path="oddEven/oddEven.csproj" />
  <Project Path="OneToManyObjRel/OneToOneObjRel.csproj" Id="3c632c47-6a51-46e8-b93a-c8e522e6e69c" />
  <Project Path="OneToManyObjRela/OneToManyObjRela.csproj" Id="0f02b630-e499-4de3-8783-bb3004666d7d" />
  <Project Path="operators/operators.csproj" Id="278d1e7e-6c30-4ee8-a86c-2faf5bea33c9" />
  <Project Path="RandomClass/RandomClass.csproj" Id="39c8efbe-e539-4e79-800a-72653fb8d9cb" />
  <Project Path="readlineWithTypeCasting/readlineWithTypeCasting.csproj" Id="f2f2e018-212a-4dc8-a650-fbc30b6f0e9b" />
  <Project Path="StringClass/StringClass.csproj" Id="66b3bba8-fc21-4004-bf2c-e39fb66e5316" />
  <Project Path="VariableTypes/VariableTypes.csproj" Id="11a9edef-7acd-469a-aad6-ae053367294a" />
  <Project Path="WriteLineMethod/WriteLineMethod.csproj" Id="1488b141-86e1-40c4-9d7a-5a97d589bc3b" />
</Solution>
